
Microsoft Visual Studio Solution File, Format Version 12.00
# Visual Studio Version 16
VisualStudioVersion = 16.0.30320.27
MinimumVisualStudioVersion = 10.0.40219.1
Project("{9A19103F-16F7-4668-BE54-9A1E7A4F7556}") = "ConstructorDemo", "FirstProject\ConstructorDemo.csproj", "{2B2B57EE-5FE7-419E-BB9A-68AC7235FA36}"
EndProject
Project("{9A19103F-16F7-4668-BE54-9A1E7A4F7556}") = "TypesOfVariables", "TypesOfVariables\TypesOfVariables.csproj", "{52A35947-7F85-4572-9645-BBA570AC601A}"
EndProject
Project("{9A19103F-16F7-4668-BE54-9A1E7A4F7556}") = "Inheritance", "Inheritance\Inheritance.csproj", "{20D89A34-7260-4E2B-98F8-1E7A66662018}"
EndProject
Project("{9A19103F-16F7-4668-BE54-9A1E7A4F7556}") = "Polymorphism", "Polymorphism\Polymorphism.csproj", "{68409A3F-07AE-4E4C-9FF4-49F121C2198F}"
EndProject
Project("{9A19103F-16F7-4668-BE54-9A1E7A4F7556}") = "Abstraction", "Abstraction\Abstraction.csproj", "{A1263900-4CD8-4A4A-80EF-969CA7D144A8}"
EndProject
Project("{9A19103F-16F7-4668-BE54-9A1E7A4F7556}") = "AccessSpecifiersDemo", "AccessSpecifiersDemo\AccessSpecifiersDemo.csproj", "{B84A3106-5E91-4A79-B510-14796A869FE9}"
EndProject
Project("{9A19103F-16F7-4668-BE54-9A1E7A4F7556}") = "AccessSpecifiersDemo2", "AccessSpecifiersDemo2\AccessSpecifiersDemo2.csproj", "{B60D906D-303D-4463-ACD1-7C806E975D3C}"
EndProject
Project("{9A19103F-16F7-4668-BE54-9A1E7A4F7556}") = "StructureDemo", "StructureDemo\StructureDemo.csproj", "{44CD0BDE-23F4-4F1A-AC29-FE9CB9F3067E}"
EndProject
Project("{9A19103F-16F7-4668-BE54-9A1E7A4F7556}") = "EnumDemo", "EnumDemo\EnumDemo.csproj", "{4B2D05DE-244B-47B6-836D-3BF1906FEFDD}"
EndProject
Project("{9A19103F-16F7-4668-BE54-9A1E7A4F7556}") = "PropertyDemo", "PropertyDemo\PropertyDemo.csproj", "{517B5878-48BE-4F6B-83EC-1DFCFC8E5C69}"
EndProject
Project("{FAE04EC0-301F-11D3-BF4B-00C04F79EFBC}") = "IndexerDemo", "IndexerDemo\IndexerDemo.csproj", "{0B947C99-1EBC-4625-8D75-67C5F811F3A0}"
EndProject
Global
	GlobalSection(SolutionConfigurationPlatforms) = preSolution
		Debug|Any CPU = Debug|Any CPU
		Release|Any CPU = Release|Any CPU
	EndGlobalSection
	GlobalSection(ProjectConfigurationPlatforms) = postSolution
		{2B2B57EE-5FE7-419E-BB9A-68AC7235FA36}.Debug|Any CPU.ActiveCfg = Debug|Any CPU
		{2B2B57EE-5FE7-419E-BB9A-68AC7235FA36}.Debug|Any CPU.Build.0 = Debug|Any CPU
		{2B2B57EE-5FE7-419E-BB9A-68AC7235FA36}.Release|Any CPU.ActiveCfg = Release|Any CPU
		{2B2B57EE-5FE7-419E-BB9A-68AC7235FA36}.Release|Any CPU.Build.0 = Release|Any CPU
		{52A35947-7F85-4572-9645-BBA570AC601A}.Debug|Any CPU.ActiveCfg = Debug|Any CPU
		{52A35947-7F85-4572-9645-BBA570AC601A}.Debug|Any CPU.Build.0 = Debug|Any CPU
		{52A35947-7F85-4572-9645-BBA570AC601A}.Release|Any CPU.ActiveCfg = Release|Any CPU
		{52A35947-7F85-4572-9645-BBA570AC601A}.Release|Any CPU.Build.0 = Release|Any CPU
		{20D89A34-7260-4E2B-98F8-1E7A66662018}.Debug|Any CPU.ActiveCfg = Debug|Any CPU
		{20D89A34-7260-4E2B-98F8-1E7A66662018}.Debug|Any CPU.Build.0 = Debug|Any CPU
		{20D89A34-7260-4E2B-98F8-1E7A66662018}.Release|Any CPU.ActiveCfg = Release|Any CPU
		{20D89A34-7260-4E2B-98F8-1E7A66662018}.Release|Any CPU.Build.0 = Release|Any CPU
		{68409A3F-07AE-4E4C-9FF4-49F121C2198F}.Debug|Any CPU.ActiveCfg = Debug|Any CPU
		{68409A3F-07AE-4E4C-9FF4-49F121C2198F}.Debug|Any CPU.Build.0 = Debug|Any CPU
		{68409A3F-07AE-4E4C-9FF4-49F121C2198F}.Release|Any CPU.ActiveCfg = Release|Any CPU
		{68409A3F-07AE-4E4C-9FF4-49F121C2198F}.Release|Any CPU.Build.0 = Release|Any CPU
		{A1263900-4CD8-4A4A-80EF-969CA7D144A8}.Debug|Any CPU.ActiveCfg = Debug|Any CPU
		{A1263900-4CD8-4A4A-80EF-969CA7D144A8}.Debug|Any CPU.Build.0 = Debug|Any CPU
		{A1263900-4CD8-4A4A-80EF-969CA7D144A8}.Release|Any CPU.ActiveCfg = Release|Any CPU
		{A1263900-4CD8-4A4A-80EF-969CA7D144A8}.Release|Any CPU.Build.0 = Release|Any CPU
		{B84A3106-5E91-4A79-B510-14796A869FE9}.Debug|Any CPU.ActiveCfg = Debug|Any CPU
		{B84A3106-5E91-4A79-B510-14796A869FE9}.Debug|Any CPU.Build.0 = Debug|Any CPU
		{B84A3106-5E91-4A79-B510-14796A869FE9}.Release|Any CPU.ActiveCfg = Release|Any CPU
		{B84A3106-5E91-4A79-B510-14796A869FE9}.Release|Any CPU.Build.0 = Release|Any CPU
		{B60D906D-303D-4463-ACD1-7C806E975D3C}.Debug|Any CPU.ActiveCfg = Debug|Any CPU
		{B60D906D-303D-4463-ACD1-7C806E975D3C}.Debug|Any CPU.Build.0 = Debug|Any CPU
		{B60D906D-303D-4463-ACD1-7C806E975D3C}.Release|Any CPU.ActiveCfg = Release|Any CPU
		{B60D906D-303D-4463-ACD1-7C806E975D3C}.Release|Any CPU.Build.0 = Release|Any CPU
		{44CD0BDE-23F4-4F1A-AC29-FE9CB9F3067E}.Debug|Any CPU.ActiveCfg = Debug|Any CPU
		{44CD0BDE-23F4-4F1A-AC29-FE9CB9F3067E}.Debug|Any CPU.Build.0 = Debug|Any CPU
		{44CD0BDE-23F4-4F1A-AC29-FE9CB9F3067E}.Release|Any CPU.ActiveCfg = Release|Any CPU
		{44CD0BDE-23F4-4F1A-AC29-FE9CB9F3067E}.Release|Any CPU.Build.0 = Release|Any CPU
		{4B2D05DE-244B-47B6-836D-3BF1906FEFDD}.Debug|Any CPU.ActiveCfg = Debug|Any CPU
		{4B2D05DE-244B-47B6-836D-3BF1906FEFDD}.Debug|Any CPU.Build.0 = Debug|Any CPU
		{4B2D05DE-244B-47B6-836D-3BF1906FEFDD}.Release|Any CPU.ActiveCfg = Release|Any CPU
		{4B2D05DE-244B-47B6-836D-3BF1906FEFDD}.Release|Any CPU.Build.0 = Release|Any CPU
		{517B5878-48BE-4F6B-83EC-1DFCFC8E5C69}.Debug|Any CPU.ActiveCfg = Debug|Any CPU
		{517B5878-48BE-4F6B-83EC-1DFCFC8E5C69}.Debug|Any CPU.Build.0 = Debug|Any CPU
		{517B5878-48BE-4F6B-83EC-1DFCFC8E5C69}.Release|Any CPU.ActiveCfg = Release|Any CPU
		{517B5878-48BE-4F6B-83EC-1DFCFC8E5C69}.Release|Any CPU.Build.0 = Release|Any CPU
		{0B947C99-1EBC-4625-8D75-67C5F811F3A0}.Debug|Any CPU.ActiveCfg = Debug|Any CPU
		{0B947C99-1EBC-4625-8D75-67C5F811F3A0}.Debug|Any CPU.Build.0 = Debug|Any CPU
		{0B947C99-1EBC-4625-8D75-67C5F811F3A0}.Release|Any CPU.ActiveCfg = Release|Any CPU
		{0B947C99-1EBC-4625-8D75-67C5F811F3A0}.Release|Any CPU.Build.0 = Release|Any CPU
	EndGlobalSection
	GlobalSection(SolutionProperties) = preSolution
		HideSolutionNode = FALSE
	EndGlobalSection
	GlobalSection(ExtensibilityGlobals) = postSolution
		SolutionGuid = {BCEE101D-39F9-41FE-92F0-5A2658A80236}
	EndGlobalSection
EndGlobal
